Microsoft Visual Studio Solution File, Format Version 12.00
# Visual Studio Version 17
VisualStudioVersion = 17.5.2.0
MinimumVisualStudioVersion = 10.0.40219.1
Project("{FAE04EC0-301F-11D3-BF4B-00C04F79EFBC}") = "TelemedicinaApi", "TelemedicinaApi.csproj", "{A7037DA8-EBEF-9469-D878-ECDE0FEDD84D}"
EndProject
Global
	GlobalSection(SolutionConfigurationPlatforms) = preSolution
		Debug|Any CPU = Debug|Any CPU
		Release|Any CPU = Release|Any CPU
	EndGlobalSection
	GlobalSection(ProjectConfigurationPlatforms) = postSolution
		{A7037DA8-EBEF-9469-D878-ECDE0FEDD84D}.Debug|Any CPU.ActiveCfg = Debug|Any CPU
		{A7037DA8-EBEF-9469-D878-ECDE0FEDD84D}.Debug|Any CPU.Build.0 = Debug|Any CPU
		{A7037DA8-EBEF-9469-D878-ECDE0FEDD84D}.Release|Any CPU.ActiveCfg = Release|Any CPU
		{A7037DA8-EBEF-9469-D878-ECDE0FEDD84D}.Release|Any CPU.Build.0 = Release|Any CPU
	EndGlobalSection
	GlobalSection(SolutionProperties) = preSolution
		HideSolutionNode = FALSE
	EndGlobalSection
	GlobalSection(ExtensibilityGlobals) = postSolution
		SolutionGuid = {98C45736-5B26-4442-8EE8-59D20B7941EC}
	EndGlobalSection
EndGlobal
